
Microsoft Visual Studio Solution File, Format Version 12.00
Project("{FAE04EC0-301F-11D3-BF4B-00C04F79EFBC}") = "LeetCodeProblems", "LeetCodeProblems\LeetCodeProblems.csproj", "{329C16D7-A953-4662-A570-29F557A2E884}"
EndProject
Global
	GlobalSection(SolutionConfigurationPlatforms) = preSolution
		Debug|Any CPU = Debug|Any CPU
		Release|Any CPU = Release|Any CPU
	EndGlobalSection
	GlobalSection(ProjectConfigurationPlatforms) = postSolution
		{329C16D7-A953-4662-A570-29F557A2E884}.Debug|Any CPU.ActiveCfg = Debug|Any CPU
		{329C16D7-A953-4662-A570-29F557A2E884}.Debug|Any CPU.Build.0 = Debug|Any CPU
		{329C16D7-A953-4662-A570-29F557A2E884}.Release|Any CPU.ActiveCfg = Release|Any CPU
		{329C16D7-A953-4662-A570-29F557A2E884}.Release|Any CPU.Build.0 = Release|Any CPU
	EndGlobalSection
EndGlobal
